// !$*UTF8*$!
{
	archiveVersion = 1;
	classes = {
	};
	objectVersion = 46;
	objects = {

/* Begin PBXBuildFile section */
		8C3F7A0E1B6978B30021B8EB /* StepperTableViewCell.swift in Sources */ = {isa = PBXBuildFile; fileRef = 8C3F7A011B6978B30021B8EB /* StepperTableViewCell.swift */; };
		8C3F7A0F1B6978B30021B8EB /* AttributeListViewController.swift in Sources */ = {isa = PBXBuildFile; fileRef = 8C3F7A031B6978B30021B8EB /* AttributeListViewController.swift */; };
		8C3F7A101B6978B30021B8EB /* AttributeTableViewController.swift in Sources */ = {isa = PBXBuildFile; fileRef = 8C3F7A041B6978B30021B8EB /* AttributeTableViewController.swift */; };
		8C3F7A111B6978B30021B8EB /* ColorPickerViewController.swift in Sources */ = {isa = PBXBuildFile; fileRef = 8C3F7A051B6978B30021B8EB /* ColorPickerViewController.swift */; };
		8C3F7A121B6978B30021B8EB /* FontPickerViewController.swift in Sources */ = {isa = PBXBuildFile; fileRef = 8C3F7A061B6978B30021B8EB /* FontPickerViewController.swift */; };
		8C3F7A131B6978B30021B8EB /* ParagraphStyleViewController.swift in Sources */ = {isa = PBXBuildFile; fileRef = 8C3F7A071B6978B30021B8EB /* ParagraphStyleViewController.swift */; };
		8C3F7A141B6978B30021B8EB /* ShadowViewController.swift in Sources */ = {isa = PBXBuildFile; fileRef = 8C3F7A081B6978B30021B8EB /* ShadowViewController.swift */; };
		8C3F7A151B6978B30021B8EB /* TextViewController.swift in Sources */ = {isa = PBXBuildFile; fileRef = 8C3F7A091B6978B30021B8EB /* TextViewController.swift */; };
		8C3F7A161B6978B30021B8EB /* UIColorExtension.swift in Sources */ = {isa = PBXBuildFile; fileRef = 8C3F7A0B1B6978B30021B8EB /* UIColorExtension.swift */; };
		8C3F7A171B6978B30021B8EB /* LayoutManager.swift in Sources */ = {isa = PBXBuildFile; fileRef = 8C3F7A0D1B6978B30021B8EB /* LayoutManager.swift */; };
		8CB9AE8F1B245A1A00CF8D6B /* AppDelegate.swift in Sources */ = {isa = PBXBuildFile; fileRef = 8CB9AE8E1B245A1A00CF8D6B /* AppDelegate.swift */; };
		8CB9AE961B245A1A00CF8D6B /* Main.storyboard in Resources */ = {isa = PBXBuildFile; fileRef = 8CB9AE941B245A1A00CF8D6B /* Main.storyboard */; };
		8CB9AE981B245A1A00CF8D6B /* Images.xcassets in Resources */ = {isa = PBXBuildFile; fileRef = 8CB9AE971B245A1A00CF8D6B /* Images.xcassets */; };
		8CB9AE9B1B245A1A00CF8D6B /* LaunchScreen.xib in Resources */ = {isa = PBXBuildFile; fileRef = 8CB9AE991B245A1A00CF8D6B /* LaunchScreen.xib */; };
		8CB9AEA71B245A1A00CF8D6B /* TextAttributesDemoTests.swift in Sources */ = {isa = PBXBuildFile; fileRef = 8CB9AEA61B245A1A00CF8D6B /* TextAttributesDemoTests.swift */; };
		8CB9AEB51B24B10B00CF8D6B /* Alice.txt in Resources */ = {isa = PBXBuildFile; fileRef = 8CB9AEB41B24B10B00CF8D6B /* Alice.txt */; };
/* End PBXBuildFile section */

/* Begin PBXContainerItemProxy section */
		8CB9AEA11B245A1A00CF8D6B /* PBXContainerItemProxy */ = {
			isa = PBXContainerItemProxy;
			containerPortal = 8CB9AE811B245A1A00CF8D6B /* Project object */;
			proxyType = 1;
			remoteGlobalIDString = 8CB9AE881B245A1A00CF8D6B;
			remoteInfo = TextAttributesDemo;
		};
/* End PBXContainerItemProxy section */

/* Begin PBXFileReference section */
		8C3F7A011B6978B30021B8EB /* StepperTableViewCell.swift */ = {isa = PBXFileReference; fileEncoding = 4; lastKnownFileType = sourcecode.swift; path = StepperTableViewCell.swift; sourceTree = "<group>"; };
		8C3F7A031B6978B30021B8EB /* AttributeListViewController.swift */ = {isa = PBXFileReference; fileEncoding = 4; lastKnownFileType = sourcecode.swift; path = AttributeListViewController.swift; sourceTree = "<group>"; };
		8C3F7A041B6978B30021B8EB /* AttributeTableViewController.swift */ = {isa = PBXFileReference; fileEncoding = 4; lastKnownFileType = sourcecode.swift; path = AttributeTableViewController.swift; sourceTree = "<group>"; };
		8C3F7A051B6978B30021B8EB /* ColorPickerViewController.swift */ = {isa = PBXFileReference; fileEncoding = 4; lastKnownFileType = sourcecode.swift; path = ColorPickerViewController.swift; sourceTree = "<group>"; };
		8C3F7A061B6978B30021B8EB /* FontPickerViewController.swift */ = {isa = PBXFileReference; fileEncoding = 4; lastKnownFileType = sourcecode.swift; path = FontPickerViewController.swift; sourceTree = "<group>"; };
		8C3F7A071B6978B30021B8EB /* ParagraphStyleViewController.swift */ = {isa = PBXFileReference; fileEncoding = 4; lastKnownFileType = sourcecode.swift; path = ParagraphStyleViewController.swift; sourceTree = "<group>"; };
		8C3F7A081B6978B30021B8EB /* ShadowViewController.swift */ = {isa = PBXFileReference; fileEncoding = 4; lastKnownFileType = sourcecode.swift; path = ShadowViewController.swift; sourceTree = "<group>"; };
		8C3F7A091B6978B30021B8EB /* TextViewController.swift */ = {isa = PBXFileReference; fileEncoding = 4; lastKnownFileType = sourcecode.swift; path = TextViewController.swift; sourceTree = "<group>"; };
		8C3F7A0B1B6978B30021B8EB /* UIColorExtension.swift */ = {isa = PBXFileReference; fileEncoding = 4; lastKnownFileType = sourcecode.swift; path = UIColorExtension.swift; sourceTree = "<group>"; };
		8C3F7A0D1B6978B30021B8EB /* LayoutManager.swift */ = {isa = PBXFileReference; fileEncoding = 4; lastKnownFileType = sourcecode.swift; path = LayoutManager.swift; sourceTree = "<group>"; };
		8CB9AE891B245A1A00CF8D6B /* TextAttributesDemo.app */ = {isa = PBXFileReference; explicitFileType = wrapper.application; includeInIndex = 0; path = TextAttributesDemo.app; sourceTree = BUILT_PRODUCTS_DIR; };
		8CB9AE8D1B245A1A00CF8D6B /* Info.plist */ = {isa = PBXFileReference; lastKnownFileType = text.plist.xml; path = Info.plist; sourceTree = "<group>"; };
		8CB9AE8E1B245A1A00CF8D6B /* AppDelegate.swift */ = {isa = PBXFileReference; lastKnownFileType = sourcecode.swift; path = AppDelegate.swift; sourceTree = "<group>"; };
		8CB9AE951B245A1A00CF8D6B /* Base */ = {isa = PBXFileReference; lastKnownFileType = file.storyboard; name = Base; path = Base.lproj/Main.storyboard; sourceTree = "<group>"; };
		8CB9AE971B245A1A00CF8D6B /* Images.xcassets */ = {isa = PBXFileReference; lastKnownFileType = folder.assetcatalog; path = Images.xcassets; sourceTree = "<group>"; };
		8CB9AE9A1B245A1A00CF8D6B /* Base */ = {isa = PBXFileReference; lastKnownFileType = file.xib; name = Base; path = Base.lproj/LaunchScreen.xib; sourceTree = "<group>"; };
		8CB9AEA01B245A1A00CF8D6B /* TextAttributesDemoTests.xctest */ = {isa = PBXFileReference; explicitFileType = wrapper.cfbundle; includeInIndex = 0; path = TextAttributesDemoTests.xctest; sourceTree = BUILT_PRODUCTS_DIR; };
		8CB9AEA51B245A1A00CF8D6B /* Info.plist */ = {isa = PBXFileReference; lastKnownFileType = text.plist.xml; path = Info.plist; sourceTree = "<group>"; };
		8CB9AEA61B245A1A00CF8D6B /* TextAttributesDemoTests.swift */ = {isa = PBXFileReference; lastKnownFileType = sourcecode.swift; path = TextAttributesDemoTests.swift; sourceTree = "<group>"; };
		8CB9AEB41B24B10B00CF8D6B /* Alice.txt */ = {isa = PBXFileReference; fileEncoding = 4; lastKnownFileType = text; path = Alice.txt; sourceTree = "<group>"; };
/* End PBXFileReference section */

/* Begin PBXFrameworksBuildPhase section */
		8CB9AE861B245A1A00CF8D6B /* Frameworks */ = {
			isa = PBXFrameworksBuildPhase;
			buildActionMask = 2147483647;
			files = (
			);
			runOnlyForDeploymentPostprocessing = 0;
		};
		8CB9AE9D1B245A1A00CF8D6B /* Frameworks */ = {
			isa = PBXFrameworksBuildPhase;
			buildActionMask = 2147483647;
			files = (
			);
			runOnlyForDeploymentPostprocessing = 0;
		};
/* End PBXFrameworksBuildPhase section */

/* Begin PBXGroup section */
		8C3F7A001B6978B30021B8EB /* Cells */ = {
			isa = PBXGroup;
			children = (
				8C3F7A011B6978B30021B8EB /* StepperTableViewCell.swift */,
			);
			path = Cells;
			sourceTree = "<group>";
		};
		8C3F7A021B6978B30021B8EB /* Controllers */ = {
			isa = PBXGroup;
			children = (
				8C3F7A031B6978B30021B8EB /* AttributeListViewController.swift */,
				8C3F7A041B6978B30021B8EB /* AttributeTableViewController.swift */,
				8C3F7A051B6978B30021B8EB /* ColorPickerViewController.swift */,
				8C3F7A061B6978B30021B8EB /* FontPickerViewController.swift */,
				8C3F7A071B6978B30021B8EB /* ParagraphStyleViewController.swift */,
				8C3F7A081B6978B30021B8EB /* ShadowViewController.swift */,
				8C3F7A091B6978B30021B8EB /* TextViewController.swift */,
			);
			path = Controllers;
			sourceTree = "<group>";
		};
		8C3F7A0A1B6978B30021B8EB /* Helpers */ = {
			isa = PBXGroup;
			children = (
				8C3F7A0B1B6978B30021B8EB /* UIColorExtension.swift */,
			);
			path = Helpers;
			sourceTree = "<group>";
		};
		8C3F7A0C1B6978B30021B8EB /* TextKit */ = {
			isa = PBXGroup;
			children = (
				8C3F7A0D1B6978B30021B8EB /* LayoutManager.swift */,
			);
			path = TextKit;
			sourceTree = "<group>";
		};
		8CB9AE801B245A1A00CF8D6B = {
			isa = PBXGroup;
			children = (
				8CB9AE8B1B245A1A00CF8D6B /* TextAttributesDemo */,
				8CB9AEA31B245A1A00CF8D6B /* TextAttributesDemoTests */,
				8CB9AE8A1B245A1A00CF8D6B /* Products */,
			);
			sourceTree = "<group>";
		};
		8CB9AE8A1B245A1A00CF8D6B /* Products */ = {
			isa = PBXGroup;
			children = (
				8CB9AE891B245A1A00CF8D6B /* TextAttributesDemo.app */,
				8CB9AEA01B245A1A00CF8D6B /* TextAttributesDemoTests.xctest */,
			);
			name = Products;
			sourceTree = "<group>";
		};
		8CB9AE8B1B245A1A00CF8D6B /* TextAttributesDemo */ = {
			isa = PBXGroup;
			children = (
				8C3F7A001B6978B30021B8EB /* Cells */,
				8C3F7A021B6978B30021B8EB /* Controllers */,
				8C3F7A0A1B6978B30021B8EB /* Helpers */,
				8C3F7A0C1B6978B30021B8EB /* TextKit */,
				8CB9AE8E1B245A1A00CF8D6B /* AppDelegate.swift */,
				8CB9AE941B245A1A00CF8D6B /* Main.storyboard */,
				8CB9AE8C1B245A1A00CF8D6B /* Supporting Files */,
			);
			path = TextAttributesDemo;
			sourceTree = "<group>";
		};
		8CB9AE8C1B245A1A00CF8D6B /* Supporting Files */ = {
			isa = PBXGroup;
			children = (
				8CB9AE971B245A1A00CF8D6B /* Images.xcassets */,
				8CB9AE991B245A1A00CF8D6B /* LaunchScreen.xib */,
				8CB9AEB41B24B10B00CF8D6B /* Alice.txt */,
				8CB9AE8D1B245A1A00CF8D6B /* Info.plist */,
			);
			name = "Supporting Files";
			sourceTree = "<group>";
		};
		8CB9AEA31B245A1A00CF8D6B /* TextAttributesDemoTests */ = {
			isa = PBXGroup;
			children = (
				8CB9AEA61B245A1A00CF8D6B /* TextAttributesDemoTests.swift */,
				8CB9AEA41B245A1A00CF8D6B /* Supporting Files */,
			);
			path = TextAttributesDemoTests;
			sourceTree = "<group>";
		};
		8CB9AEA41B245A1A00CF8D6B /* Supporting Files */ = {
			isa = PBXGroup;
			children = (
				8CB9AEA51B245A1A00CF8D6B /* Info.plist */,
			);
			name = "Supporting Files";
			sourceTree = "<group>";
		};
/* End PBXGroup section */

/* Begin PBXNativeTarget section */
		8CB9AE881B245A1A00CF8D6B /* TextAttributesDemo */ = {
			isa = PBXNativeTarget;
			buildConfigurationList = 8CB9AEAA1B245A1A00CF8D6B /* Build configuration list for PBXNativeTarget "TextAttributesDemo" */;
			buildPhases = (
				8CB9AE851B245A1A00CF8D6B /* Sources */,
				8CB9AE861B245A1A00CF8D6B /* Frameworks */,
				8CB9AE871B245A1A00CF8D6B /* Resources */,
			);
			buildRules = (
			);
			dependencies = (
			);
			name = TextAttributesDemo;
			productName = TextAttributesDemo;
			productReference = 8CB9AE891B245A1A00CF8D6B /* TextAttributesDemo.app */;
			productType = "com.apple.product-type.application";
		};
		8CB9AE9F1B245A1A00CF8D6B /* TextAttributesDemoTests */ = {
			isa = PBXNativeTarget;
			buildConfigurationList = 8CB9AEAD1B245A1A00CF8D6B /* Build configuration list for PBXNativeTarget "TextAttributesDemoTests" */;
			buildPhases = (
				8CB9AE9C1B245A1A00CF8D6B /* Sources */,
				8CB9AE9D1B245A1A00CF8D6B /* Frameworks */,
				8CB9AE9E1B245A1A00CF8D6B /* Resources */,
			);
			buildRules = (
			);
			dependencies = (
				8CB9AEA21B245A1A00CF8D6B /* PBXTargetDependency */,
			);
			name = TextAttributesDemoTests;
			productName = TextAttributesDemoTests;
			productReference = 8CB9AEA01B245A1A00CF8D6B /* TextAttributesDemoTests.xctest */;
			productType = "com.apple.product-type.bundle.unit-test";
		};
/* End PBXNativeTarget section */

/* Begin PBXProject section */
		8CB9AE811B245A1A00CF8D6B /* Project object */ = {
			isa = PBXProject;
			attributes = {
				LastSwiftMigration = 0730;
				LastSwiftUpdateCheck = 0730;
				LastUpgradeCheck = 0920;
				ORGANIZATIONNAME = RC;
				TargetAttributes = {
					8CB9AE881B245A1A00CF8D6B = {
						CreatedOnToolsVersion = 6.3.2;
						LastSwiftMigration = 0920;
					};
					8CB9AE9F1B245A1A00CF8D6B = {
						CreatedOnToolsVersion = 6.3.2;
						LastSwiftMigration = 0920;
						TestTargetID = 8CB9AE881B245A1A00CF8D6B;
					};
				};
			};
			buildConfigurationList = 8CB9AE841B245A1A00CF8D6B /* Build configuration list for PBXProject "TextAttributesDemo" */;
			compatibilityVersion = "Xcode 3.2";
			developmentRegion = English;
			hasScannedForEncodings = 0;
			knownRegions = (
				en,
				Base,
			);
			mainGroup = 8CB9AE801B245A1A00CF8D6B;
			productRefGroup = 8CB9AE8A1B245A1A00CF8D6B /* Products */;
			projectDirPath = "";
			projectRoot = "";
			targets = (
				8CB9AE881B245A1A00CF8D6B /* TextAttributesDemo */,
				8CB9AE9F1B245A1A00CF8D6B /* TextAttributesDemoTests */,
			);
		};
/* End PBXProject section */

/* Begin PBXResourcesBuildPhase section */
		8CB9AE871B245A1A00CF8D6B /* Resources */ = {
			isa = PBXResourcesBuildPhase;
			buildActionMask = 2147483647;
			files = (
				8CB9AE961B245A1A00CF8D6B /* Main.storyboard in Resources */,
				8CB9AEB51B24B10B00CF8D6B /* Alice.txt in Resources */,
				8CB9AE9B1B245A1A00CF8D6B /* LaunchScreen.xib in Resources */,
				8CB9AE981B245A1A00CF8D6B /* Images.xcassets in Resources */,
			);
			runOnlyForDeploymentPostprocessing = 0;
		};
		8CB9AE9E1B245A1A00CF8D6B /* Resources */ = {
			isa = PBXResourcesBuildPhase;
			buildActionMask = 2147483647;
			files = (
			);
			runOnlyForDeploymentPostprocessing = 0;
		};
/* End PBXResourcesBuildPhase section */

/* Begin PBXSourcesBuildPhase section */
		8CB9AE851B245A1A00CF8D6B /* Sources */ = {
			isa = PBXSourcesBuildPhase;
			buildActionMask = 2147483647;
			files = (
				8C3F7A131B6978B30021B8EB /* ParagraphStyleViewController.swift in Sources */,
				8C3F7A111B6978B30021B8EB /* ColorPickerViewController.swift in Sources */,
				8C3F7A141B6978B30021B8EB /* ShadowViewController.swift in Sources */,
				8C3F7A101B6978B30021B8EB /* AttributeTableViewController.swift in Sources */,
				8CB9AE8F1B245A1A00CF8D6B /* AppDelegate.swift in Sources */,
				8C3F7A171B6978B30021B8EB /* LayoutManager.swift in Sources */,
				8C3F7A151B6978B30021B8EB /* TextViewController.swift in Sources */,
				8C3F7A0E1B6978B30021B8EB /* StepperTableViewCell.swift in Sources */,
				8C3F7A161B6978B30021B8EB /* UIColorExtension.swift in Sources */,
				8C3F7A0F1B6978B30021B8EB /* AttributeListViewController.swift in Sources */,
				8C3F7A121B6978B30021B8EB /* FontPickerViewController.swift in Sources */,
			);
			runOnlyForDeploymentPostprocessing = 0;
		};
		8CB9AE9C1B245A1A00CF8D6B /* Sources */ = {
			isa = PBXSourcesBuildPhase;
			buildActionMask = 2147483647;
			files = (
				8CB9AEA71B245A1A00CF8D6B /* TextAttributesDemoTests.swift in Sources */,
			);
			runOnlyForDeploymentPostprocessing = 0;
		};
/* End PBXSourcesBuildPhase section */

/* Begin PBXTargetDependency section */
		8CB9AEA21B245A1A00CF8D6B /* PBXTargetDependency */ = {
			isa = PBXTargetDependency;
			target = 8CB9AE881B245A1A00CF8D6B /* TextAttributesDemo */;
			targetProxy = 8CB9AEA11B245A1A00CF8D6B /* PBXContainerItemProxy */;
		};
/* End PBXTargetDependency section */

/* Begin PBXVariantGroup section */
		8CB9AE941B245A1A00CF8D6B /* Main.storyboard */ = {
			isa = PBXVariantGroup;
			children = (
				8CB9AE951B245A1A00CF8D6B /* Base */,
			);
			name = Main.storyboard;
			sourceTree = "<group>";
		};
		8CB9AE991B245A1A00CF8D6B /* LaunchScreen.xib */ = {
			isa = PBXVariantGroup;
			children = (
				8CB9AE9A1B245A1A00CF8D6B /* Base */,
			);
			name = LaunchScreen.xib;
			sourceTree = "<group>";
		};
/* End PBXVariantGroup section */

/* Begin XCBuildConfiguration section */
		8CB9AEA81B245A1A00CF8D6B /* Debug */ = {
			isa = XCBuildConfiguration;
			buildSettings = {
				ALWAYS_SEARCH_USER_PATHS = NO;
				CLANG_CXX_LANGUAGE_STANDARD = "gnu++0x";
				CLANG_CXX_LIBRARY = "libc++";
				CLANG_ENABLE_MODULES = YES;
				CLANG_ENABLE_OBJC_ARC = YES;
				CLANG_WARN_BLOCK_CAPTURE_AUTORELEASING = YES;
				CLANG_WARN_BOOL_CONVERSION = YES;
				CLANG_WARN_COMMA = YES;
				CLANG_WARN_CONSTANT_CONVERSION = YES;
				CLANG_WARN_DIRECT_OBJC_ISA_USAGE = YES_ERROR;
				CLANG_WARN_EMPTY_BODY = YES;
				CLANG_WARN_ENUM_CONVERSION = YES;
				CLANG_WARN_INFINITE_RECURSION = YES;
				CLANG_WARN_INT_CONVERSION = YES;
				CLANG_WARN_NON_LITERAL_NULL_CONVERSION = YES;
				CLANG_WARN_OBJC_LITERAL_CONVERSION = YES;
				CLANG_WARN_OBJC_ROOT_CLASS = YES_ERROR;
				CLANG_WARN_RANGE_LOOP_ANALYSIS = YES;
				CLANG_WARN_STRICT_PROTOTYPES = YES;
				CLANG_WARN_SUSPICIOUS_MOVE = YES;
				CLANG_WARN_UNREACHABLE_CODE = YES;
				CLANG_WARN__DUPLICATE_METHOD_MATCH = YES;
				"CODE_SIGN_IDENTITY[sdk=iphoneos*]" = "iPhone Developer";
				COPY_PHASE_STRIP = NO;
				DEBUG_INFORMATION_FORMAT = "dwarf-with-dsym";
				ENABLE_STRICT_OBJC_MSGSEND = YES;
				ENABLE_TESTABILITY = YES;
				GCC_C_LANGUAGE_STANDARD = gnu99;
				GCC_DYNAMIC_NO_PIC = NO;
				GCC_NO_COMMON_BLOCKS = YES;
				GCC_OPTIMIZATION_LEVEL = 0;
				GCC_PREPROCESSOR_DEFINITIONS = (
					"DEBUG=1",
					"$(inherited)",
				);
				GCC_SYMBOLS_PRIVATE_EXTERN = NO;
				GCC_WARN_64_TO_32_BIT_CONVERSION = YES;
				GCC_WARN_ABOUT_RETURN_TYPE = YES_ERROR;
				GCC_WARN_UNDECLARED_SELECTOR = YES;
				GCC_WARN_UNINITIALIZED_AUTOS = YES_AGGRESSIVE;
				GCC_WARN_UNUSED_FUNCTION = YES;
				GCC_WARN_UNUSED_VARIABLE = YES;
				IPHONEOS_DEPLOYMENT_TARGET = 8.3;
				MTL_ENABLE_DEBUG_INFO = YES;
				ONLY_ACTIVE_ARCH = YES;
				SDKROOT = iphoneos;
				SWIFT_OPTIMIZATION_LEVEL = "-Onone";
				TARGETED_DEVICE_FAMILY = 2;
			};
			name = Debug;
		};
		8CB9AEA91B245A1A00CF8D6B /* Release */ = {
			isa = XCBuildConfiguration;
			buildSettings = {
				ALWAYS_SEARCH_USER_PATHS = NO;
				CLANG_CXX_LANGUAGE_STANDARD = "gnu++0x";
				CLANG_CXX_LIBRARY = "libc++";
				CLANG_ENABLE_MODULES = YES;
				CLANG_ENABLE_OBJC_ARC = YES;
				CLANG_WARN_BLOCK_CAPTURE_AUTORELEASING = YES;
				CLANG_WARN_BOOL_CONVERSION = YES;
				CLANG_WARN_COMMA = YES;
				CLANG_WARN_CONSTANT_CONVERSION = YES;
				CLANG_WARN_DIRECT_OBJC_ISA_USAGE = YES_ERROR;
				CLANG_WARN_EMPTY_BODY = YES;
				CLANG_WARN_ENUM_CONVERSION = YES;
				CLANG_WARN_INFINITE_RECURSION = YES;
				CLANG_WARN_INT_CONVERSION = YES;
				CLANG_WARN_NON_LITERAL_NULL_CONVERSION = YES;
				CLANG_WARN_OBJC_LITERAL_CONVERSION = YES;
				CLANG_WARN_OBJC_ROOT_CLASS = YES_ERROR;
				CLANG_WARN_RANGE_LOOP_ANALYSIS = YES;
				CLANG_WARN_STRICT_PROTOTYPES = YES;
				CLANG_WARN_SUSPICIOUS_MOVE = YES;
				CLANG_WARN_UNREACHABLE_CODE = YES;
				CLANG_WARN__DUPLICATE_METHOD_MATCH = YES;
				"CODE_SIGN_IDENTITY[sdk=iphoneos*]" = "iPhone Developer";
				COPY_PHASE_STRIP = NO;
				DEBUG_INFORMATION_FORMAT = "dwarf-with-dsym";
				ENABLE_NS_ASSERTIONS = NO;
				ENABLE_STRICT_OBJC_MSGSEND = YES;
				GCC_C_LANGUAGE_STANDARD = gnu99;
				GCC_NO_COMMON_BLOCKS = YES;
				GCC_WARN_64_TO_32_BIT_CONVERSION = YES;
				GCC_WARN_ABOUT_RETURN_TYPE = YES_ERROR;
				GCC_WARN_UNDECLARED_SELECTOR = YES;
				GCC_WARN_UNINITIALIZED_AUTOS = YES_AGGRESSIVE;
				GCC_WARN_UNUSED_FUNCTION = YES;
				GCC_WARN_UNUSED_VARIABLE = YES;
				IPHONEOS_DEPLOYMENT_TARGET = 8.3;
				MTL_ENABLE_DEBUG_INFO = NO;
				SDKROOT = iphoneos;
				SWIFT_OPTIMIZATION_LEVEL = "-Owholemodule";
				TARGETED_DEVICE_FAMILY = 2;
				VALIDATE_PRODUCT = YES;
			};
			name = Release;
		};
		8CB9AEAB1B245A1A00CF8D6B /* Debug */ = {
			isa = XCBuildConfiguration;
			buildSettings = {
				ASSETCATALOG_COMPILER_APPICON_NAME = AppIcon;
				DEVELOPMENT_TEAM = "";
				INFOPLIST_FILE = TextAttributesDemo/Info.plist;
				LD_RUNPATH_SEARCH_PATHS = "$(inherited) @executable_path/Frameworks";
				PRODUCT_BUNDLE_IDENTIFIER = "com.rambler.textattributes.$(PRODUCT_NAME:rfc1034identifier)";
				PRODUCT_NAME = "$(TARGET_NAME)";
				SWIFT_SWIFT3_OBJC_INFERENCE = On;
				SWIFT_VERSION = 4.0;
			};
			name = Debug;
		};
		8CB9AEAC1B245A1A00CF8D6B /* Release */ = {
			isa = XCBuildConfiguration;
			buildSettings = {
				ASSETCATALOG_COMPILER_APPICON_NAME = AppIcon;
				DEVELOPMENT_TEAM = "";
				INFOPLIST_FILE = TextAttributesDemo/Info.plist;
				LD_RUNPATH_SEARCH_PATHS = "$(inherited) @executable_path/Frameworks";
				PRODUCT_BUNDLE_IDENTIFIER = "com.rambler.textattributes.$(PRODUCT_NAME:rfc1034identifier)";
				PRODUCT_NAME = "$(TARGET_NAME)";
				SWIFT_SWIFT3_OBJC_INFERENCE = On;
				SWIFT_VERSION = 4.0;
			};
			name = Release;
		};
		8CB9AEAE1B245A1A00CF8D6B /* Debug */ = {
			isa = XCBuildConfiguration;
			buildSettings = {
				BUNDLE_LOADER = "$(TEST_HOST)";
				FRAMEWORK_SEARCH_PATHS = (
					"$(SDKROOT)/Developer/Library/Frameworks",
					"$(inherited)",
				);
				GCC_PREPROCESSOR_DEFINITIONS = (
					"DEBUG=1",
					"$(inherited)",
				);
				INFOPLIST_FILE = TextAttributesDemoTests/Info.plist;
				LD_RUNPATH_SEARCH_PATHS = "$(inherited) @executable_path/Frameworks @loader_path/Frameworks";
				PRODUCT_BUNDLE_IDENTIFIER = "com.rambler.textattributes.$(PRODUCT_NAME:rfc1034identifier)";
				PRODUCT_NAME = "$(TARGET_NAME)";
				SWIFT_SWIFT3_OBJC_INFERENCE = On;
				SWIFT_VERSION = 4.0;
				TEST_HOST = "$(BUILT_PRODUCTS_DIR)/TextAttributesDemo.app/TextAttributesDemo";
			};
			name = Debug;
		};
		8CB9AEAF1B245A1A00CF8D6B /* Release */ = {
			isa = XCBuildConfiguration;
			buildSettings = {
				BUNDLE_LOADER = "$(TEST_HOST)";
				FRAMEWORK_SEARCH_PATHS = (
					"$(SDKROOT)/Developer/Library/Frameworks",
					"$(inherited)",
				);
				INFOPLIST_FILE = TextAttributesDemoTests/Info.plist;
				LD_RUNPATH_SEARCH_PATHS = "$(inherited) @executable_path/Frameworks @loader_path/Frameworks";
				PRODUCT_BUNDLE_IDENTIFIER = "com.rambler.textattributes.$(PRODUCT_NAME:rfc1034identifier)";
				PRODUCT_NAME = "$(TARGET_NAME)";
				SWIFT_SWIFT3_OBJC_INFERENCE = On;
				SWIFT_VERSION = 4.0;
				TEST_HOST = "$(BUILT_PRODUCTS_DIR)/TextAttributesDemo.app/TextAttributesDemo";
			};
			name = Release;
		};
/* End XCBuildConfiguration section */

/* Begin XCConfigurationList section */
		8CB9AE841B245A1A00CF8D6B /* Build configuration list for PBXProject "TextAttributesDemo" */ = {
			isa = XCConfigurationList;
			buildConfigurations = (
				8CB9AEA81B245A1A00CF8D6B /* Debug */,
				8CB9AEA91B245A1A00CF8D6B /* Release */,
			);
			defaultConfigurationIsVisible = 0;
			defaultConfigurationName = Release;
		};
		8CB9AEAA1B245A1A00CF8D6B /* Build configuration list for PBXNativeTarget "TextAttributesDemo" */ = {
			isa = XCConfigurationList;
			buildConfigurations = (
				8CB9AEAB1B245A1A00CF8D6B /* Debug */,
				8CB9AEAC1B245A1A00CF8D6B /* Release */,
			);
			defaultConfigurationIsVisible = 0;
			defaultConfigurationName = Release;
		};
		8CB9AEAD1B245A1A00CF8D6B /* Build configuration list for PBXNativeTarget "TextAttributesDemoTests" */ = {
			isa = XCConfigurationList;
			buildConfigurations = (
				8CB9AEAE1B245A1A00CF8D6B /* Debug */,
				8CB9AEAF1B245A1A00CF8D6B /* Release */,
			);
			defaultConfigurationIsVisible = 0;
			defaultConfigurationName = Release;
		};
/* End XCConfigurationList section */
	};
	rootObject = 8CB9AE811B245A1A00CF8D6B /* Project object */;
}
